<?xml version="1.0" encoding="utf-8"?>
<Project ToolsVersion="4.0" xmlns="http://schemas.microsoft.com/developer/msbuild/2003">
  <ItemGroup>
    <Filter Include="ソース ファイル">
      <UniqueIdentifier>{4FC737F1-C7A5-4376-A066-2A32D752A2FF}</UniqueIdentifier>
      <Extensions>cpp;c;cc;cxx;c++;cppm;ixx;def;odl;idl;hpj;bat;asm;asmx</Extensions>
    </Filter>
    <Filter Include="ヘッダー ファイル">
      <UniqueIdentifier>{93995380-89BD-4b04-88EB-625FBE52EBFB}</UniqueIdentifier>
      <Extensions>h;hh;hpp;hxx;h++;hm;inl;inc;ipp;xsd</Extensions>
    </Filter>
    <Filter Include="リソース ファイル">
      <UniqueIdentifier>{67DA6AB6-F800-4c08-8B7A-83BB121AAD01}</UniqueIdentifier>
      <Extensions>rc;ico;cur;bmp;dlg;rc2;rct;bin;rgs;gif;jpg;jpeg;jpe;resx;tiff;tif;png;wav;mfcribbon-ms</Extensions>
    </Filter>
  </ItemGroup>
  <ItemGroup>
    <ClCompile Include="Objects\Enemy\Enemy.cpp">
      <Filter>ソース ファイル</Filter>
    </ClCompile>
    <ClCompile Include="Objects\Player\Player.cpp">
      <Filter>ソース ファイル</Filter>
    </ClCompile>
    <ClCompile Include="Objects\GameObjects.cpp">
      <Filter>ソース ファイル</Filter>
    </ClCompile>
    <ClCompile Include="Scene\Scene.cpp">
      <Filter>ソース ファイル</Filter>
    </ClCompile>
    <ClCompile Include="Utility\InputControl.cpp">
      <Filter>ソース ファイル</Filter>
    </ClCompile>
    <ClCompile Include="Utility\Vector2D.cpp">
      <Filter>ソース ファイル</Filter>
    </ClCompile>
    <ClCompile Include="AppMain.cpp">
      <Filter>ソース ファイル</Filter>
    </ClCompile>
    <ClCompile Include="Objects\Bomb\Bomb.cpp">
      <Filter>ソース ファイル</Filter>
    </ClCompile>
    <ClCompile Include="Objects\Harpy\Harpy.cpp">
      <Filter>ソース ファイル</Filter>
    </ClCompile>
    <ClCompile Include="Objects\Enemy\GoldEnemy\GoldEnemy.cpp">
      <Filter>ソース ファイル</Filter>
    </ClCompile>
    <ClCompile Include="Objects\Enemy\FlyEnemy\FlyEnemy.cpp">
      <Filter>ソース ファイル</Filter>
    </ClCompile>
    <ClCompile Include="Objects\EnemyBullet\EnemyBullet.cpp">
      <Filter>ソース ファイル</Filter>
    </ClCompile>
  </ItemGroup>
  <ItemGroup>
    <ClInclude Include="Objects\Enemy\Enemy.h">
      <Filter>ヘッダー ファイル</Filter>
    </ClInclude>
    <ClInclude Include="Objects\Player\Player.h">
      <Filter>ヘッダー ファイル</Filter>
    </ClInclude>
    <ClInclude Include="Objects\GameObjects.h">
      <Filter>ヘッダー ファイル</Filter>
    </ClInclude>
    <ClInclude Include="Scene\Scene.h">
      <Filter>ヘッダー ファイル</Filter>
    </ClInclude>
    <ClInclude Include="Utility\InputControl.h">
      <Filter>ヘッダー ファイル</Filter>
    </ClInclude>
    <ClInclude Include="Utility\Vector2D.h">
      <Filter>ヘッダー ファイル</Filter>
    </ClInclude>
    <ClInclude Include="Objects\Bomb\Bomb.h">
      <Filter>ヘッダー ファイル</Filter>
    </ClInclude>
    <ClInclude Include="Objects\Harpy\Harpy.h">
      <Filter>ヘッダー ファイル</Filter>
    </ClInclude>
    <ClInclude Include="Objects\Enemy\GoldEnemy\GoldEnemy.h">
      <Filter>ヘッダー ファイル</Filter>
    </ClInclude>
    <ClInclude Include="Objects\Enemy\FlyEnemy\FlyEnemy.h">
      <Filter>ヘッダー ファイル</Filter>
    </ClInclude>
    <ClInclude Include="Objects\EnemyBullet\EnemyBullet.h">
      <Filter>ヘッダー ファイル</Filter>
    </ClInclude>
  </ItemGroup>
  <ItemGroup>
    <Image Include="Resource\images\BAD.png">
      <Filter>リソース ファイル</Filter>
    </Image>
    <Image Include="Resource\images\GOOD.png">
      <Filter>リソース ファイル</Filter>
    </Image>
    <Image Include="Resource\images\OK.png">
      <Filter>リソース ファイル</Filter>
    </Image>
    <Image Include="Resource\images\Perfect.png">
      <Filter>リソース ファイル</Filter>
    </Image>
    <Image Include="Resource\images\タイマー.png">
      <Filter>リソース ファイル</Filter>
    </Image>
    <Image Include="Resource\images\ハーピー1.png">
      <Filter>リソース ファイル</Filter>
    </Image>
    <Image Include="Resource\images\ハーピー2.png">
      <Filter>リソース ファイル</Filter>
    </Image>
    <Image Include="Resource\images\ハコテキ1.png">
      <Filter>リソース ファイル</Filter>
    </Image>
    <Image Include="Resource\images\ハコテキ2.png">
      <Filter>リソース ファイル</Filter>
    </Image>
    <Image Include="Resource\images\金のテキ1.png">
      <Filter>リソース ファイル</Filter>
    </Image>
    <Image Include="Resource\images\金のテキ2.png">
      <Filter>リソース ファイル</Filter>
    </Image>
    <Image Include="Resource\images\金のテキ3.png">
      <Filter>リソース ファイル</Filter>
    </Image>
    <Image Include="Resource\images\金のテキ4.png">
      <Filter>リソース ファイル</Filter>
    </Image>
    <Image Include="Resource\images\金のテキ5.png">
      <Filter>リソース ファイル</Filter>
    </Image>
    <Image Include="Resource\images\ハネテキ2.png">
      <Filter>リソース ファイル</Filter>
    </Image>
    <Image Include="Resource\images\敵弾1.png">
      <Filter>リソース ファイル</Filter>
    </Image>
    <Image Include="Resource\images\敵弾エフェクト1.png">
      <Filter>リソース ファイル</Filter>
    </Image>
    <Image Include="Resource\images\敵弾エフェクト2.png">
      <Filter>リソース ファイル</Filter>
    </Image>
    <Image Include="Resource\images\敵弾エフェクト3.png">
      <Filter>リソース ファイル</Filter>
    </Image>
    <Image Include="Resource\images\ハネテキ1.png">
      <Filter>リソース ファイル</Filter>
    </Image>
    <Image Include="Resource\images\爆弾.png">
      <Filter>リソース ファイル</Filter>
    </Image>
    <Image Include="Resource\images\爆風1.png">
      <Filter>リソース ファイル</Filter>
    </Image>
    <Image Include="Resource\images\爆風2.png">
      <Filter>リソース ファイル</Filter>
    </Image>
    <Image Include="Resource\images\爆風3.png">
      <Filter>リソース ファイル</Filter>
    </Image>
    <Image Include="Resource\images\飛ぶ1.png">
      <Filter>リソース ファイル</Filter>
    </Image>
    <Image Include="Resource\images\飛ぶ2.png">
      <Filter>リソース ファイル</Filter>
    </Image>
  </ItemGroup>
  <ItemGroup>
    <None Include="Resource\images\Finish.svg" />
    <None Include="Resource\images\スコア.svg" />
    <None Include="Resource\images\スコア0.svg" />
    <None Include="Resource\images\スコア1.svg" />
    <None Include="Resource\images\スコア2.svg" />
    <None Include="Resource\images\スコア3.svg" />
    <None Include="Resource\images\スコア4.svg" />
    <None Include="Resource\images\スコア5.svg" />
    <None Include="Resource\images\スコア6.svg" />
    <None Include="Resource\images\スコア7.svg" />
    <None Include="Resource\images\スコア8.svg" />
    <None Include="Resource\images\スコア9.svg" />
    <None Include="Resource\images\ハイスコア.svg" />
    <None Include="Resource\images\マイナス.svg" />
  </ItemGroup>
  <ItemGroup>
    <Media Include="Resource\sounds\arrows_perfect03_short.wav">
      <Filter>リソース ファイル</Filter>
    </Media>
    <Media Include="Resource\sounds\BGM_arrows.wav">
      <Filter>リソース ファイル</Filter>
    </Media>
    <Media Include="Resource\sounds\BGM_timeup.wav">
      <Filter>リソース ファイル</Filter>
    </Media>
    <Media Include="Resource\sounds\bishi.wav">
      <Filter>リソース ファイル</Filter>
    </Media>
    <Media Include="Resource\sounds\Boss_gahee.wav">
      <Filter>リソース ファイル</Filter>
    </Media>
    <Media Include="Resource\sounds\explosion.wav">
      <Filter>リソース ファイル</Filter>
    </Media>
    <Media Include="Resource\sounds\pan.wav">
      <Filter>リソース ファイル</Filter>
    </Media>
    <Media Include="Resource\sounds\pokan.wav">
      <Filter>リソース ファイル</Filter>
    </Media>
    <Media Include="Resource\sounds\SE_bad.wav">
      <Filter>リソース ファイル</Filter>
    </Media>
    <Media Include="Resource\sounds\SE_good.wav">
      <Filter>リソース ファイル</Filter>
    </Media>
    <Media Include="Resource\sounds\SE_ok.wav">
      <Filter>リソース ファイル</Filter>
    </Media>
    <Media Include="Resource\sounds\SE_perfect.wav">
      <Filter>リソース ファイル</Filter>
    </Media>
    <Media Include="Resource\sounds\teki_gahee.wav">
      <Filter>リソース ファイル</Filter>
    </Media>
    <Media Include="Resource\sounds\ニャー.wav">
      <Filter>リソース ファイル</Filter>
    </Media>
    <Media Include="Resource\sounds\ポップ.wav">
      <Filter>リソース ファイル</Filter>
    </Media>
  </ItemGroup>
</Project>